
Microsoft Visual Studio Solution File, Format Version 12.00
# Visual Studio Version 17
VisualStudioVersion = 17.13.35825.156 d17.13
MinimumVisualStudioVersion = 10.0.40219.1
Project("{FAE04EC0-301F-11D3-BF4B-00C04F79EFBC}") = "Prueba 1", "Prueba 1\Prueba 1.csproj", "{756EEE3E-1418-4B06-A81F-3FA9C89BACF9}"
EndProject
Global
	GlobalSection(SolutionConfigurationPlatforms) = preSolution
		Debug|Any CPU = Debug|Any CPU
		Release|Any CPU = Release|Any CPU
	EndGlobalSection
	GlobalSection(ProjectConfigurationPlatforms) = postSolution
		{756EEE3E-1418-4B06-A81F-3FA9C89BACF9}.Debug|Any CPU.ActiveCfg = Debug|Any CPU
		{756EEE3E-1418-4B06-A81F-3FA9C89BACF9}.Debug|Any CPU.Build.0 = Debug|Any CPU
		{756EEE3E-1418-4B06-A81F-3FA9C89BACF9}.Release|Any CPU.ActiveCfg = Release|Any CPU
		{756EEE3E-1418-4B06-A81F-3FA9C89BACF9}.Release|Any CPU.Build.0 = Release|Any CPU
	EndGlobalSection
	GlobalSection(SolutionProperties) = preSolution
		HideSolutionNode = FALSE
	EndGlobalSection
	GlobalSection(ExtensibilityGlobals) = postSolution
		SolutionGuid = {8D0F0494-2835-4746-B513-5199FB443DD2}
	EndGlobalSection
EndGlobal
